
Microsoft Visual Studio Solution File, Format Version 12.00
# Visual Studio 14
VisualStudioVersion = 14.0.25123.0
MinimumVisualStudioVersion = 10.0.40219.1
Project("{FAE04EC0-301F-11D3-BF4B-00C04F79EFBC}") = "Energy.Tests", "Energy.Tests\Energy.Tests.csproj", "{7A55E5C5-2549-46AE-8893-1C159DEB1982}"
EndProject
Project("{FAE04EC0-301F-11D3-BF4B-00C04F79EFBC}") = "Start", "Start\Start.csproj", "{5AC2E598-5440-4A74-983C-BDACA31A4304}"
EndProject
Project("{FAE04EC0-301F-11D3-BF4B-00C04F79EFBC}") = "Energy.UI", "Energy.UI\Energy.UI.csproj", "{4F3B07E5-904E-42EA-9B26-024A4667C723}"
EndProject
Global
	GlobalSection(SolutionConfigurationPlatforms) = preSolution
		Debug|Any CPU = Debug|Any CPU
		Release|Any CPU = Release|Any CPU
	EndGlobalSection
	GlobalSection(ProjectConfigurationPlatforms) = postSolution
		{7A55E5C5-2549-46AE-8893-1C159DEB1982}.Debug|Any CPU.ActiveCfg = Debug|Any CPU
		{7A55E5C5-2549-46AE-8893-1C159DEB1982}.Debug|Any CPU.Build.0 = Debug|Any CPU
		{7A55E5C5-2549-46AE-8893-1C159DEB1982}.Release|Any CPU.ActiveCfg = Release|Any CPU
		{7A55E5C5-2549-46AE-8893-1C159DEB1982}.Release|Any CPU.Build.0 = Release|Any CPU
		{5AC2E598-5440-4A74-983C-BDACA31A4304}.Debug|Any CPU.ActiveCfg = Debug|Any CPU
		{5AC2E598-5440-4A74-983C-BDACA31A4304}.Debug|Any CPU.Build.0 = Debug|Any CPU
		{5AC2E598-5440-4A74-983C-BDACA31A4304}.Release|Any CPU.ActiveCfg = Release|Any CPU
		{5AC2E598-5440-4A74-983C-BDACA31A4304}.Release|Any CPU.Build.0 = Release|Any CPU
		{4F3B07E5-904E-42EA-9B26-024A4667C723}.Debug|Any CPU.ActiveCfg = Debug|Any CPU
		{4F3B07E5-904E-42EA-9B26-024A4667C723}.Debug|Any CPU.Build.0 = Debug|Any CPU
		{4F3B07E5-904E-42EA-9B26-024A4667C723}.Release|Any CPU.ActiveCfg = Release|Any CPU
		{4F3B07E5-904E-42EA-9B26-024A4667C723}.Release|Any CPU.Build.0 = Release|Any CPU
	EndGlobalSection
	GlobalSection(SolutionProperties) = preSolution
		HideSolutionNode = FALSE
	EndGlobalSection
EndGlobal
